
Microsoft Visual Studio Solution File, Format Version 12.00
# Visual Studio Version 17
VisualStudioVersion = 17.10.35122.118
MinimumVisualStudioVersion = 10.0.40219.1
Project("{FAE04EC0-301F-11D3-BF4B-00C04F79EFBC}") = "BlazorAppTESTPAGE", "BlazorAppTESTPAGE\BlazorAppTESTPAGE\BlazorAppTESTPAGE.csproj", "{19711A66-BCDD-4E6E-9177-058E1941100C}"
EndProject
Project("{FAE04EC0-301F-11D3-BF4B-00C04F79EFBC}") = "BlazorAppTESTPAGE.Client", "BlazorAppTESTPAGE\BlazorAppTESTPAGE.Client\BlazorAppTESTPAGE.Client.csproj", "{C65DB24A-0F62-45D8-8A8C-435ED61E43A0}"
EndProject
Global
	GlobalSection(SolutionConfigurationPlatforms) = preSolution
		Debug|Any CPU = Debug|Any CPU
		Release|Any CPU = Release|Any CPU
	EndGlobalSection
	GlobalSection(ProjectConfigurationPlatforms) = postSolution
		{19711A66-BCDD-4E6E-9177-058E1941100C}.Debug|Any CPU.ActiveCfg = Debug|Any CPU
		{19711A66-BCDD-4E6E-9177-058E1941100C}.Debug|Any CPU.Build.0 = Debug|Any CPU
		{19711A66-BCDD-4E6E-9177-058E1941100C}.Release|Any CPU.ActiveCfg = Release|Any CPU
		{19711A66-BCDD-4E6E-9177-058E1941100C}.Release|Any CPU.Build.0 = Release|Any CPU
		{C65DB24A-0F62-45D8-8A8C-435ED61E43A0}.Debug|Any CPU.ActiveCfg = Debug|Any CPU
		{C65DB24A-0F62-45D8-8A8C-435ED61E43A0}.Debug|Any CPU.Build.0 = Debug|Any CPU
		{C65DB24A-0F62-45D8-8A8C-435ED61E43A0}.Release|Any CPU.ActiveCfg = Release|Any CPU
		{C65DB24A-0F62-45D8-8A8C-435ED61E43A0}.Release|Any CPU.Build.0 = Release|Any CPU
	EndGlobalSection
	GlobalSection(SolutionProperties) = preSolution
		HideSolutionNode = FALSE
	EndGlobalSection
	GlobalSection(ExtensibilityGlobals) = postSolution
		SolutionGuid = {4BDDD7F0-B011-4736-87E7-62627F8BF3F0}
	EndGlobalSection
EndGlobal
